# THIS IS AN AUTOGENERATED FILE. DO NOT EDIT THIS FILE DIRECTLY.
# yarn lockfile v1


"@codemirror/rangeset@^0.19.5":
  "integrity" "sha512-V8YUuOvK+ew87Xem+71nKcqu1SXd5QROMRLMS/ljT5/3MCxtgrRie1Cvild0G/Z2f1fpWxzX78V0U4jjXBorBQ=="
  "resolved" "https://registry.npmjs.org/@codemirror/rangeset/-/rangeset-0.19.9.tgz"
  "version" "0.19.9"
  dependencies:
    "@codemirror/state" "^0.19.0"

"@codemirror/state@^0.19.0", "@codemirror/state@^0.19.3", "@codemirror/state@^0.19.6":
  "integrity" "sha512-psOzDolKTZkx4CgUqhBQ8T8gBc0xN5z4gzed109aF6x7D7umpDRoimacI/O6d9UGuyl4eYuDCZmDFr2Rq7aGOw=="
  "resolved" "https://registry.npmjs.org/@codemirror/state/-/state-0.19.9.tgz"
  "version" "0.19.9"
  dependencies:
    "@codemirror/text" "^0.19.0"

"@codemirror/text@^0.19.0":
  "integrity" "sha512-T9jnREMIygx+TPC1bOuepz18maGq/92q2a+n4qTqObKwvNMg+8cMTslb8yxeEDEq7S3kpgGWxgO1UWbQRij0dA=="
  "resolved" "https://registry.npmjs.org/@codemirror/text/-/text-0.19.6.tgz"
  "version" "0.19.6"

"@codemirror/view@^0.19.31":
  "integrity" "sha512-0eg7D2Nz4S8/caetCTz61rK0tkHI17V/d15Jy0kLOT8dTLGGNJUponDnW28h2B6bERmPlVHKh8MJIr5OCp1nGw=="
  "resolved" "https://registry.npmjs.org/@codemirror/view/-/view-0.19.48.tgz"
  "version" "0.19.48"
  dependencies:
    "@codemirror/rangeset" "^0.19.5"
    "@codemirror/state" "^0.19.3"
    "@codemirror/text" "^0.19.0"
    "style-mod" "^4.0.0"
    "w3c-keyname" "^2.2.4"

"@types/codemirror@0.0.108":
  "integrity" "sha512-3FGFcus0P7C2UOGCNUVENqObEb4SFk+S8Dnxq7K6aIsLVs/vDtlangl3PEO0ykaKXyK56swVF6Nho7VsA44uhw=="
  "resolved" "https://registry.npmjs.org/@types/codemirror/-/codemirror-0.0.108.tgz"
  "version" "0.0.108"
  dependencies:
    "@types/tern" "*"

"@types/estree@*":
  "integrity" "sha512-C6N5s2ZFtuZRj54k2/zyRhNDjJwwcViAM3Nbm8zjBpbqAdZ00mr0CFxvSKeO8Y/e03WVFLpQMdHYVfUd6SB+Hw=="
  "resolved" "https://registry.npmjs.org/@types/estree/-/estree-0.0.50.tgz"
  "version" "0.0.50"

"@types/node@^16.11.1":
  "integrity" "sha512-PYGcJHL9mwl1Ek3PLiYgyEKtwTMmkMw4vbiyz/ps3pfdRYLVv+SN7qHVAImrjdAXxgluDEw6Ph4lyv+m9UpRmA=="
  "resolved" "https://registry.npmjs.org/@types/node/-/node-16.11.1.tgz"
  "version" "16.11.1"

"@types/tern@*":
  "integrity" "sha512-JAUw1iXGO1qaWwEOzxTKJZ/5JxVeON9kvGZ/osgZaJImBnyjyn0cjovPsf6FNLmyGY8Vw9DoXZCMlfMkMwHRWg=="
  "resolved" "https://registry.npmjs.org/@types/tern/-/tern-0.23.4.tgz"
  "version" "0.23.4"
  dependencies:
    "@types/estree" "*"

"esbuild-linux-64@0.13.8":
  "integrity" "sha512-Bm8SYmFtvfDCIu9sjKppFXzRXn2BVpuCinU1ChTuMtdKI/7aPpXIrkqBNOgPTOQO9AylJJc1Zw6EvtKORhn64w=="
  "resolved" "https://registry.npmjs.org/esbuild-linux-64/-/esbuild-linux-64-0.13.8.tgz"
  "version" "0.13.8"

"esbuild@0.13.8":
  "integrity" "sha512-A4af7G7YZLfG5OnARJRMtlpEsCkq/zHZQXewgPA864l9D6VjjbH1SuFYK/OSV6BtHwDGkdwyRrX0qQFLnMfUcw=="
  "resolved" "https://registry.npmjs.org/esbuild/-/esbuild-0.13.8.tgz"
  "version" "0.13.8"
  optionalDependencies:
    "esbuild-android-arm64" "0.13.8"
    "esbuild-darwin-64" "0.13.8"
    "esbuild-darwin-arm64" "0.13.8"
    "esbuild-freebsd-64" "0.13.8"
    "esbuild-freebsd-arm64" "0.13.8"
    "esbuild-linux-32" "0.13.8"
    "esbuild-linux-64" "0.13.8"
    "esbuild-linux-arm" "0.13.8"
    "esbuild-linux-arm64" "0.13.8"
    "esbuild-linux-mips64le" "0.13.8"
    "esbuild-linux-ppc64le" "0.13.8"
    "esbuild-netbsd-64" "0.13.8"
    "esbuild-openbsd-64" "0.13.8"
    "esbuild-sunos-64" "0.13.8"
    "esbuild-windows-32" "0.13.8"
    "esbuild-windows-64" "0.13.8"
    "esbuild-windows-arm64" "0.13.8"

"moment@2.29.2":
  "integrity" "sha512-UgzG4rvxYpN15jgCmVJwac49h9ly9NurikMWGPdVxm8GZD6XjkKPxDTjQQ43gtGgnV3X0cAyWDdP2Wexoquifg=="
  "resolved" "https://registry.npmjs.org/moment/-/moment-2.29.2.tgz"
  "version" "2.29.2"

"obsidian@^0.14.6":
  "integrity" "sha512-oXPJ8Zt10WhN19bk5l4mZuXRZbbdT1QoMgxGGJ0bB7UcJa0bozDzugS5L/QiV9gDoujpUPxDWNVahEel6r0Fpw=="
  "resolved" "https://registry.npmjs.org/obsidian/-/obsidian-0.14.6.tgz"
  "version" "0.14.6"
  dependencies:
    "@codemirror/state" "^0.19.6"
    "@codemirror/view" "^0.19.31"
    "@types/codemirror" "0.0.108"
    "moment" "2.29.2"

"prettier@^2.4.1":
  "integrity" "sha512-9fbDAXSBcc6Bs1mZrDYb3XKzDLm4EXXL9sC1LqKP5rZkT6KRr/rf9amVUcODVXgguK/isJz0d0hP72WeaKWsvA=="
  "resolved" "https://registry.npmjs.org/prettier/-/prettier-2.4.1.tgz"
  "version" "2.4.1"

"style-mod@^4.0.0":
  "integrity" "sha512-OPhtyEjyyN9x3nhPsu76f52yUGXiZcgvsrFVtvTkyGRQJ0XK+GPc6ov1z+lRpbeabka+MYEQxOYRnt5nF30aMw=="
  "resolved" "https://registry.npmjs.org/style-mod/-/style-mod-4.0.0.tgz"
  "version" "4.0.0"

"tslib@2.3.1":
  "integrity" "sha512-77EbyPPpMz+FRFRuAFlWMtmgUWGe9UOG2Z25NqCwiIjRhOf5iKGuzSe5P2w1laq+FkRy4p+PCuVkJSGkzTEKVw=="
  "resolved" "https://registry.npmjs.org/tslib/-/tslib-2.3.1.tgz"
  "version" "2.3.1"

"typescript@4.4.4":
  "integrity" "sha512-DqGhF5IKoBl8WNf8C1gu8q0xZSInh9j1kJJMqT3a94w1JzVaBU4EXOSMrz9yDqMT0xt3selp83fuFMQ0uzv6qA=="
  "resolved" "https://registry.npmjs.org/typescript/-/typescript-4.4.4.tgz"
  "version" "4.4.4"

"w3c-keyname@^2.2.4":
  "integrity" "sha512-tOhfEwEzFLJzf6d1ZPkYfGj+FWhIpBux9ppoP3rlclw3Z0BZv3N7b7030Z1kYth+6rDuAsXUFr+d0VE6Ed1ikw=="
  "resolved" "https://registry.npmjs.org/w3c-keyname/-/w3c-keyname-2.2.4.tgz"
  "version" "2.2.4"
